
Microsoft Visual Studio Solution File, Format Version 12.00
# Visual Studio Version 17
VisualStudioVersion = 17.10.35122.118
MinimumVisualStudioVersion = 10.0.40219.1
Project("{FAE04EC0-301F-11D3-BF4B-00C04F79EFBC}") = "configurator PSD", "configurator PSD\configurator PSD.csproj", "{9B5051D8-50CB-4A42-B0B3-17CEC6886314}"
EndProject
Global
	GlobalSection(SolutionConfigurationPlatforms) = preSolution
		Debug|Any CPU = Debug|Any CPU
		Release|Any CPU = Release|Any CPU
	EndGlobalSection
	GlobalSection(ProjectConfigurationPlatforms) = postSolution
		{9B5051D8-50CB-4A42-B0B3-17CEC6886314}.Debug|Any CPU.ActiveCfg = Debug|Any CPU
		{9B5051D8-50CB-4A42-B0B3-17CEC6886314}.Debug|Any CPU.Build.0 = Debug|Any CPU
		{9B5051D8-50CB-4A42-B0B3-17CEC6886314}.Release|Any CPU.ActiveCfg = Release|Any CPU
		{9B5051D8-50CB-4A42-B0B3-17CEC6886314}.Release|Any CPU.Build.0 = Release|Any CPU
	EndGlobalSection
	GlobalSection(SolutionProperties) = preSolution
		HideSolutionNode = FALSE
	EndGlobalSection
	GlobalSection(ExtensibilityGlobals) = postSolution
		SolutionGuid = {54FB552A-F5B1-423A-811F-B23A91339D9F}
	EndGlobalSection
EndGlobal
